
Microsoft Visual Studio Solution File, Format Version 12.00
# Visual Studio Version 16
VisualStudioVersion = 16.0.30907.101
MinimumVisualStudioVersion = 10.0.40219.1
Project("{FAE04EC0-301F-11D3-BF4B-00C04F79EFBC}") = "Bingo", "Bingo.csproj", "{B96EA61D-DB74-4ECD-9693-3BB5D973FC4F}"
EndProject
Global
	GlobalSection(SolutionConfigurationPlatforms) = preSolution
		Debug|Any CPU = Debug|Any CPU
		Release|Any CPU = Release|Any CPU
	EndGlobalSection
	GlobalSection(ProjectConfigurationPlatforms) = postSolution
		{B96EA61D-DB74-4ECD-9693-3BB5D973FC4F}.Debug|Any CPU.ActiveCfg = Debug|Any CPU
		{B96EA61D-DB74-4ECD-9693-3BB5D973FC4F}.Debug|Any CPU.Build.0 = Debug|Any CPU
		{B96EA61D-DB74-4ECD-9693-3BB5D973FC4F}.Release|Any CPU.ActiveCfg = Release|Any CPU
		{B96EA61D-DB74-4ECD-9693-3BB5D973FC4F}.Release|Any CPU.Build.0 = Release|Any CPU
	EndGlobalSection
	GlobalSection(SolutionProperties) = preSolution
		HideSolutionNode = FALSE
	EndGlobalSection
	GlobalSection(ExtensibilityGlobals) = postSolution
		SolutionGuid = {0D4C6535-672D-4988-969A-512132117399}
	EndGlobalSection
EndGlobal
